Microsoft Visual Studio Solution File, Format Version 12.00
# Visual Studio Version 17
VisualStudioVersion = 17.0.31903.59
MinimumVisualStudioVersion = 10.0.40219.1
Project("{9A19103F-16F7-4668-BE54-9A1E7A4F7556}") = "ButtonDemo", "ButtonDemo.csproj", "{69FD3DF6-6E01-4E63-9363-C91E0D7B6A3A}"
EndProject
Global
	GlobalSection(SolutionConfigurationPlatforms) = preSolution
		Debug|Any CPU = Debug|Any CPU
		Release|Any CPU = Release|Any CPU
	EndGlobalSection
	GlobalSection(ProjectConfigurationPlatforms) = postSolution
		{69FD3DF6-6E01-4E63-9363-C91E0D7B6A3A}.Debug|Any CPU.ActiveCfg = Debug|Any CPU
		{69FD3DF6-6E01-4E63-9363-C91E0D7B6A3A}.Debug|Any CPU.Build.0 = Debug|Any CPU
		{69FD3DF6-6E01-4E63-9363-C91E0D7B6A3A}.Release|Any CPU.ActiveCfg = Release|Any CPU
		{69FD3DF6-6E01-4E63-9363-C91E0D7B6A3A}.Release|Any CPU.Build.0 = Release|Any CPU
	EndGlobalSection
	GlobalSection(SolutionProperties) = preSolution
		HideSolutionNode = FALSE
	EndGlobalSection
	GlobalSection(ExtensibilityGlobals) = postSolution
		SolutionGuid = {E0F67A70-F2DC-4E71-9AC4-B8C0F9D2EE34}
	EndGlobalSection
EndGlobal 